
Microsoft Visual Studio Solution File, Format Version 11.00
# Visual Studio 2010
Project("{FAE04EC0-301F-11D3-BF4B-00C04F79EFBC}") = "Yeti UFO Defense", "WindowsGame2\WindowsGame2\Yeti UFO Defense.csproj", "{1740F3F6-C5D4-4C49-BCE2-5A24D3BA6758}"
EndProject
Project("{FAE04EC0-301F-11D3-BF4B-00C04F79EFBC}") = "WindowsGame2Content", "WindowsGame2\WindowsGame2Content\WindowsGame2Content.contentproj", "{C1B490A1-C54D-4D5D-A5FF-70ACB23B073B}"
EndProject
Global
	GlobalSection(SolutionConfigurationPlatforms) = preSolution
		Debug|x86 = Debug|x86
		Release|x86 = Release|x86
	EndGlobalSection
	GlobalSection(ProjectConfigurationPlatforms) = postSolution
		{1740F3F6-C5D4-4C49-BCE2-5A24D3BA6758}.Debug|x86.ActiveCfg = Debug|x86
		{1740F3F6-C5D4-4C49-BCE2-5A24D3BA6758}.Debug|x86.Build.0 = Debug|x86
		{1740F3F6-C5D4-4C49-BCE2-5A24D3BA6758}.Release|x86.ActiveCfg = Release|x86
		{1740F3F6-C5D4-4C49-BCE2-5A24D3BA6758}.Release|x86.Build.0 = Release|x86
		{C1B490A1-C54D-4D5D-A5FF-70ACB23B073B}.Debug|x86.ActiveCfg = Debug|x86
		{C1B490A1-C54D-4D5D-A5FF-70ACB23B073B}.Release|x86.ActiveCfg = Release|x86
	EndGlobalSection
	GlobalSection(SolutionProperties) = preSolution
		HideSolutionNode = FALSE
	EndGlobalSection
EndGlobal
